
Microsoft Visual Studio Solution File, Format Version 11.00
# Visual Studio 2010
Project("{FAE04EC0-301F-11D3-BF4B-00C04F79EFBC}") = "KeyDancer", "KeyDancer\KeyDancer.csproj", "{DDB95BB5-DE1A-45FF-AA19-74F64107B6EF}"
EndProject
Project("{FAE04EC0-301F-11D3-BF4B-00C04F79EFBC}") = "MidiLib", "MidiLib\MidiLib.csproj", "{EE13A8B8-1525-45A8-987E-A31CC982755B}"
EndProject
Global
	GlobalSection(SolutionConfigurationPlatforms) = preSolution
		Debug|Any CPU = Debug|Any CPU
		Debug|Mixed Platforms = Debug|Mixed Platforms
		Debug|x86 = Debug|x86
		Release|Any CPU = Release|Any CPU
		Release|Mixed Platforms = Release|Mixed Platforms
		Release|x86 = Release|x86
	EndGlobalSection
	GlobalSection(ProjectConfigurationPlatforms) = postSolution
		{DDB95BB5-DE1A-45FF-AA19-74F64107B6EF}.Debug|Any CPU.ActiveCfg = Debug|x86
		{DDB95BB5-DE1A-45FF-AA19-74F64107B6EF}.Debug|Mixed Platforms.ActiveCfg = Debug|x86
		{DDB95BB5-DE1A-45FF-AA19-74F64107B6EF}.Debug|Mixed Platforms.Build.0 = Debug|x86
		{DDB95BB5-DE1A-45FF-AA19-74F64107B6EF}.Debug|x86.ActiveCfg = Debug|x86
		{DDB95BB5-DE1A-45FF-AA19-74F64107B6EF}.Debug|x86.Build.0 = Debug|x86
		{DDB95BB5-DE1A-45FF-AA19-74F64107B6EF}.Release|Any CPU.ActiveCfg = Release|x86
		{DDB95BB5-DE1A-45FF-AA19-74F64107B6EF}.Release|Mixed Platforms.ActiveCfg = Release|x86
		{DDB95BB5-DE1A-45FF-AA19-74F64107B6EF}.Release|Mixed Platforms.Build.0 = Release|x86
		{DDB95BB5-DE1A-45FF-AA19-74F64107B6EF}.Release|x86.ActiveCfg = Release|x86
		{DDB95BB5-DE1A-45FF-AA19-74F64107B6EF}.Release|x86.Build.0 = Release|x86
		{EE13A8B8-1525-45A8-987E-A31CC982755B}.Debug|Any CPU.ActiveCfg = Debug|Any CPU
		{EE13A8B8-1525-45A8-987E-A31CC982755B}.Debug|Any CPU.Build.0 = Debug|Any CPU
		{EE13A8B8-1525-45A8-987E-A31CC982755B}.Debug|Mixed Platforms.ActiveCfg = Debug|Any CPU
		{EE13A8B8-1525-45A8-987E-A31CC982755B}.Debug|Mixed Platforms.Build.0 = Debug|Any CPU
		{EE13A8B8-1525-45A8-987E-A31CC982755B}.Debug|x86.ActiveCfg = Debug|Any CPU
		{EE13A8B8-1525-45A8-987E-A31CC982755B}.Release|Any CPU.ActiveCfg = Release|Any CPU
		{EE13A8B8-1525-45A8-987E-A31CC982755B}.Release|Any CPU.Build.0 = Release|Any CPU
		{EE13A8B8-1525-45A8-987E-A31CC982755B}.Release|Mixed Platforms.ActiveCfg = Release|Any CPU
		{EE13A8B8-1525-45A8-987E-A31CC982755B}.Release|Mixed Platforms.Build.0 = Release|Any CPU
		{EE13A8B8-1525-45A8-987E-A31CC982755B}.Release|x86.ActiveCfg = Release|Any CPU
	EndGlobalSection
	GlobalSection(SolutionProperties) = preSolution
		HideSolutionNode = FALSE
	EndGlobalSection
EndGlobal
